// !$*UTF8*$!
{
	archiveVersion = 1;
	classes = {
	};
	objectVersion = 50;
	objects = {

/* Begin PBXBuildFile section */
		3C43CFBB211DC1710052DC3E /* AppDelegate.swift in Sources */ = {isa = PBXBuildFile; fileRef = 3C43CFBA211DC1710052DC3E /* AppDelegate.swift */; };
		3C43CFBD211DC1710052DC3E /* ViewController.swift in Sources */ = {isa = PBXBuildFile; fileRef = 3C43CFBC211DC1710052DC3E /* ViewController.swift */; };
		3C43CFC0211DC1710052DC3E /* Main.storyboard in Resources */ = {isa = PBXBuildFile; fileRef = 3C43CFBE211DC1710052DC3E /* Main.storyboard */; };
		3C43CFC2211DC1720052DC3E /* Assets.xcassets in Resources */ = {isa = PBXBuildFile; fileRef = 3C43CFC1211DC1720052DC3E /* Assets.xcassets */; };
		3C43CFC5211DC1720052DC3E /* LaunchScreen.storyboard in Resources */ = {isa = PBXBuildFile; fileRef = 3C43CFC3211DC1720052DC3E /* LaunchScreen.storyboard */; };
		3C43CFDC211DD1920052DC3E /* kick1.wav in Resources */ = {isa = PBXBuildFile; fileRef = 3C43CFDB211DD1920052DC3E /* kick1.wav */; };
		3C43CFDE211DD4C10052DC3E /* snare1.wav in Resources */ = {isa = PBXBuildFile; fileRef = 3C43CFDD211DD4C10052DC3E /* snare1.wav */; };
		3C43CFE5211DD5300052DC3E /* hihat1.wav in Resources */ = {isa = PBXBuildFile; fileRef = 3C43CFE4211DD5300052DC3E /* hihat1.wav */; };
		3C43CFE7211DD53A0052DC3E /* tom1.wav in Resources */ = {isa = PBXBuildFile; fileRef = 3C43CFE6211DD53A0052DC3E /* tom1.wav */; };
		3C43CFE9211DD53E0052DC3E /* tom2.wav in Resources */ = {isa = PBXBuildFile; fileRef = 3C43CFE8211DD53E0052DC3E /* tom2.wav */; };
		3C43CFEB211DD5460052DC3E /* ride1.wav in Resources */ = {isa = PBXBuildFile; fileRef = 3C43CFEA211DD5460052DC3E /* ride1.wav */; };
		3C43CFED211DD54D0052DC3E /* crash1.wav in Resources */ = {isa = PBXBuildFile; fileRef = 3C43CFEC211DD54D0052DC3E /* crash1.wav */; };
/* End PBXBuildFile section */

/* Begin PBXFileReference section */
		3C43CFB7211DC1710052DC3E /* swift-journey03.app */ = {isa = PBXFileReference; explicitFileType = wrapper.application; includeInIndex = 0; path = "swift-journey03.app"; sourceTree = BUILT_PRODUCTS_DIR; };
		3C43CFBA211DC1710052DC3E /* AppDelegate.swift */ = {isa = PBXFileReference; lastKnownFileType = sourcecode.swift; path = AppDelegate.swift; sourceTree = "<group>"; };
		3C43CFBC211DC1710052DC3E /* ViewController.swift */ = {isa = PBXFileReference; lastKnownFileType = sourcecode.swift; path = ViewController.swift; sourceTree = "<group>"; };
		3C43CFBF211DC1710052DC3E /* Base */ = {isa = PBXFileReference; lastKnownFileType = file.storyboard; name = Base; path = Base.lproj/Main.storyboard; sourceTree = "<group>"; };
		3C43CFC1211DC1720052DC3E /* Assets.xcassets */ = {isa = PBXFileReference; lastKnownFileType = folder.assetcatalog; path = Assets.xcassets; sourceTree = "<group>"; };
		3C43CFC4211DC1720052DC3E /* Base */ = {isa = PBXFileReference; lastKnownFileType = file.storyboard; name = Base; path = Base.lproj/LaunchScreen.storyboard; sourceTree = "<group>"; };
		3C43CFC6211DC1720052DC3E /* Info.plist */ = {isa = PBXFileReference; lastKnownFileType = text.plist.xml; path = Info.plist; sourceTree = "<group>"; };
		3C43CFDB211DD1920052DC3E /* kick1.wav */ = {isa = PBXFileReference; lastKnownFileType = audio.wav; path = kick1.wav; sourceTree = "<group>"; };
		3C43CFDD211DD4C10052DC3E /* snare1.wav */ = {isa = PBXFileReference; lastKnownFileType = audio.wav; path = snare1.wav; sourceTree = "<group>"; };
		3C43CFE4211DD5300052DC3E /* hihat1.wav */ = {isa = PBXFileReference; lastKnownFileType = audio.wav; name = hihat1.wav; path = "../../../../../../Downloads/[99Sounds] 99 Drum Samples/Samples/hihat1.wav"; sourceTree = "<group>"; };
		3C43CFE6211DD53A0052DC3E /* tom1.wav */ = {isa = PBXFileReference; lastKnownFileType = audio.wav; name = tom1.wav; path = "../../../../../../Downloads/[99Sounds] 99 Drum Samples/Samples/tom1.wav"; sourceTree = "<group>"; };
		3C43CFE8211DD53E0052DC3E /* tom2.wav */ = {isa = PBXFileReference; lastKnownFileType = audio.wav; name = tom2.wav; path = "../../../../../../Downloads/[99Sounds] 99 Drum Samples/Samples/tom2.wav"; sourceTree = "<group>"; };
		3C43CFEA211DD5460052DC3E /* ride1.wav */ = {isa = PBXFileReference; lastKnownFileType = audio.wav; name = ride1.wav; path = "../../../../../../Downloads/[99Sounds] 99 Drum Samples/Samples/ride1.wav"; sourceTree = "<group>"; };
		3C43CFEC211DD54D0052DC3E /* crash1.wav */ = {isa = PBXFileReference; lastKnownFileType = audio.wav; name = crash1.wav; path = "../../../../../../Downloads/[99Sounds] 99 Drum Samples/Samples/crash1.wav"; sourceTree = "<group>"; };
/* End PBXFileReference section */

/* Begin PBXFrameworksBuildPhase section */
		3C43CFB4211DC1710052DC3E /* Frameworks */ = {
			isa = PBXFrameworksBuildPhase;
			buildActionMask = 2147483647;
			files = (
			);
			runOnlyForDeploymentPostprocessing = 0;
		};
/* End PBXFrameworksBuildPhase section */

/* Begin PBXGroup section */
		3C43CFAE211DC1710052DC3E = {
			isa = PBXGroup;
			children = (
				3C43CFB9211DC1710052DC3E /* swift-journey03 */,
				3C43CFB8211DC1710052DC3E /* Products */,
			);
			sourceTree = "<group>";
		};
		3C43CFB8211DC1710052DC3E /* Products */ = {
			isa = PBXGroup;
			children = (
				3C43CFB7211DC1710052DC3E /* swift-journey03.app */,
			);
			name = Products;
			sourceTree = "<group>";
		};
		3C43CFB9211DC1710052DC3E /* swift-journey03 */ = {
			isa = PBXGroup;
			children = (
				3C43CFCC211DC1C20052DC3E /* Sound Files */,
				3C43CFBA211DC1710052DC3E /* AppDelegate.swift */,
				3C43CFBC211DC1710052DC3E /* ViewController.swift */,
				3C43CFBE211DC1710052DC3E /* Main.storyboard */,
				3C43CFC1211DC1720052DC3E /* Assets.xcassets */,
				3C43CFC3211DC1720052DC3E /* LaunchScreen.storyboard */,
				3C43CFC6211DC1720052DC3E /* Info.plist */,
			);
			path = "swift-journey03";
			sourceTree = "<group>";
		};
		3C43CFCC211DC1C20052DC3E /* Sound Files */ = {
			isa = PBXGroup;
			children = (
				3C43CFDB211DD1920052DC3E /* kick1.wav */,
				3C43CFE4211DD5300052DC3E /* hihat1.wav */,
				3C43CFE6211DD53A0052DC3E /* tom1.wav */,
				3C43CFEA211DD5460052DC3E /* ride1.wav */,
				3C43CFE8211DD53E0052DC3E /* tom2.wav */,
				3C43CFEC211DD54D0052DC3E /* crash1.wav */,
				3C43CFDD211DD4C10052DC3E /* snare1.wav */,
			);
			path = "Sound Files";
			sourceTree = "<group>";
		};
/* End PBXGroup section */

/* Begin PBXNativeTarget section */
		3C43CFB6211DC1710052DC3E /* swift-journey03 */ = {
			isa = PBXNativeTarget;
			buildConfigurationList = 3C43CFC9211DC1720052DC3E /* Build configuration list for PBXNativeTarget "swift-journey03" */;
			buildPhases = (
				3C43CFB3211DC1710052DC3E /* Sources */,
				3C43CFB4211DC1710052DC3E /* Frameworks */,
				3C43CFB5211DC1710052DC3E /* Resources */,
			);
			buildRules = (
			);
			dependencies = (
			);
			name = "swift-journey03";
			productName = "swift-journey03";
			productReference = 3C43CFB7211DC1710052DC3E /* swift-journey03.app */;
			productType = "com.apple.product-type.application";
		};
/* End PBXNativeTarget section */

/* Begin PBXProject section */
		3C43CFAF211DC1710052DC3E /* Project object */ = {
			isa = PBXProject;
			attributes = {
				LastSwiftUpdateCheck = 0940;
				LastUpgradeCheck = 0940;
				ORGANIZATIONNAME = "Leonardo Kameya";
				TargetAttributes = {
					3C43CFB6211DC1710052DC3E = {
						CreatedOnToolsVersion = 9.4.1;
					};
				};
			};
			buildConfigurationList = 3C43CFB2211DC1710052DC3E /* Build configuration list for PBXProject "swift-journey03" */;
			compatibilityVersion = "Xcode 9.3";
			developmentRegion = en;
			hasScannedForEncodings = 0;
			knownRegions = (
				en,
				Base,
			);
			mainGroup = 3C43CFAE211DC1710052DC3E;
			productRefGroup = 3C43CFB8211DC1710052DC3E /* Products */;
			projectDirPath = "";
			projectRoot = "";
			targets = (
				3C43CFB6211DC1710052DC3E /* swift-journey03 */,
			);
		};
/* End PBXProject section */

/* Begin PBXResourcesBuildPhase section */
		3C43CFB5211DC1710052DC3E /* Resources */ = {
			isa = PBXResourcesBuildPhase;
			buildActionMask = 2147483647;
			files = (
				3C43CFE9211DD53E0052DC3E /* tom2.wav in Resources */,
				3C43CFDE211DD4C10052DC3E /* snare1.wav in Resources */,
				3C43CFE7211DD53A0052DC3E /* tom1.wav in Resources */,
				3C43CFC5211DC1720052DC3E /* LaunchScreen.storyboard in Resources */,
				3C43CFC2211DC1720052DC3E /* Assets.xcassets in Resources */,
				3C43CFED211DD54D0052DC3E /* crash1.wav in Resources */,
				3C43CFDC211DD1920052DC3E /* kick1.wav in Resources */,
				3C43CFC0211DC1710052DC3E /* Main.storyboard in Resources */,
				3C43CFE5211DD5300052DC3E /* hihat1.wav in Resources */,
				3C43CFEB211DD5460052DC3E /* ride1.wav in Resources */,
			);
			runOnlyForDeploymentPostprocessing = 0;
		};
/* End PBXResourcesBuildPhase section */

/* Begin PBXSourcesBuildPhase section */
		3C43CFB3211DC1710052DC3E /* Sources */ = {
			isa = PBXSourcesBuildPhase;
			buildActionMask = 2147483647;
			files = (
				3C43CFBD211DC1710052DC3E /* ViewController.swift in Sources */,
				3C43CFBB211DC1710052DC3E /* AppDelegate.swift in Sources */,
			);
			runOnlyForDeploymentPostprocessing = 0;
		};
/* End PBXSourcesBuildPhase section */

/* Begin PBXVariantGroup section */
		3C43CFBE211DC1710052DC3E /* Main.storyboard */ = {
			isa = PBXVariantGroup;
			children = (
				3C43CFBF211DC1710052DC3E /* Base */,
			);
			name = Main.storyboard;
			sourceTree = "<group>";
		};
		3C43CFC3211DC1720052DC3E /* LaunchScreen.storyboard */ = {
			isa = PBXVariantGroup;
			children = (
				3C43CFC4211DC1720052DC3E /* Base */,
			);
			name = LaunchScreen.storyboard;
			sourceTree = "<group>";
		};
/* End PBXVariantGroup section */

/* Begin XCBuildConfiguration section */
		3C43CFC7211DC1720052DC3E /* Debug */ = {
			isa = XCBuildConfiguration;
			buildSettings = {
				ALWAYS_SEARCH_USER_PATHS = NO;
				CLANG_ANALYZER_NONNULL = YES;
				CLANG_ANALYZER_NUMBER_OBJECT_CONVERSION = YES_AGGRESSIVE;
				CLANG_CXX_LANGUAGE_STANDARD = "gnu++14";
				CLANG_CXX_LIBRARY = "libc++";
				CLANG_ENABLE_MODULES = YES;
				CLANG_ENABLE_OBJC_ARC = YES;
				CLANG_ENABLE_OBJC_WEAK = YES;
				CLANG_WARN_BLOCK_CAPTURE_AUTORELEASING = YES;
				CLANG_WARN_BOOL_CONVERSION = YES;
				CLANG_WARN_COMMA = YES;
				CLANG_WARN_CONSTANT_CONVERSION = YES;
				CLANG_WARN_DEPRECATED_OBJC_IMPLEMENTATIONS = YES;
				CLANG_WARN_DIRECT_OBJC_ISA_USAGE = YES_ERROR;
				CLANG_WARN_DOCUMENTATION_COMMENTS = YES;
				CLANG_WARN_EMPTY_BODY = YES;
				CLANG_WARN_ENUM_CONVERSION = YES;
				CLANG_WARN_INFINITE_RECURSION = YES;
				CLANG_WARN_INT_CONVERSION = YES;
				CLANG_WARN_NON_LITERAL_NULL_CONVERSION = YES;
				CLANG_WARN_OBJC_IMPLICIT_RETAIN_SELF = YES;
				CLANG_WARN_OBJC_LITERAL_CONVERSION = YES;
				CLANG_WARN_OBJC_ROOT_CLASS = YES_ERROR;
				CLANG_WARN_RANGE_LOOP_ANALYSIS = YES;
				CLANG_WARN_STRICT_PROTOTYPES = YES;
				CLANG_WARN_SUSPICIOUS_MOVE = YES;
				CLANG_WARN_UNGUARDED_AVAILABILITY = YES_AGGRESSIVE;
				CLANG_WARN_UNREACHABLE_CODE = YES;
				CLANG_WARN__DUPLICATE_METHOD_MATCH = YES;
				CODE_SIGN_IDENTITY = "iPhone Developer";
				COPY_PHASE_STRIP = NO;
				DEBUG_INFORMATION_FORMAT = dwarf;
				ENABLE_STRICT_OBJC_MSGSEND = YES;
				ENABLE_TESTABILITY = YES;
				GCC_C_LANGUAGE_STANDARD = gnu11;
				GCC_DYNAMIC_NO_PIC = NO;
				GCC_NO_COMMON_BLOCKS = YES;
				GCC_OPTIMIZATION_LEVEL = 0;
				GCC_PREPROCESSOR_DEFINITIONS = (
					"DEBUG=1",
					"$(inherited)",
				);
				GCC_WARN_64_TO_32_BIT_CONVERSION = YES;
				GCC_WARN_ABOUT_RETURN_TYPE = YES_ERROR;
				GCC_WARN_UNDECLARED_SELECTOR = YES;
				GCC_WARN_UNINITIALIZED_AUTOS = YES_AGGRESSIVE;
				GCC_WARN_UNUSED_FUNCTION = YES;
				GCC_WARN_UNUSED_VARIABLE = YES;
				IPHONEOS_DEPLOYMENT_TARGET = 11.4;
				MTL_ENABLE_DEBUG_INFO = YES;
				ONLY_ACTIVE_ARCH = YES;
				SDKROOT = iphoneos;
				SWIFT_ACTIVE_COMPILATION_CONDITIONS = DEBUG;
				SWIFT_OPTIMIZATION_LEVEL = "-Onone";
			};
			name = Debug;
		};
		3C43CFC8211DC1720052DC3E /* Release */ = {
			isa = XCBuildConfiguration;
			buildSettings = {
				ALWAYS_SEARCH_USER_PATHS = NO;
				CLANG_ANALYZER_NONNULL = YES;
				CLANG_ANALYZER_NUMBER_OBJECT_CONVERSION = YES_AGGRESSIVE;
				CLANG_CXX_LANGUAGE_STANDARD = "gnu++14";
				CLANG_CXX_LIBRARY = "libc++";
				CLANG_ENABLE_MODULES = YES;
				CLANG_ENABLE_OBJC_ARC = YES;
				CLANG_ENABLE_OBJC_WEAK = YES;
				CLANG_WARN_BLOCK_CAPTURE_AUTORELEASING = YES;
				CLANG_WARN_BOOL_CONVERSION = YES;
				CLANG_WARN_COMMA = YES;
				CLANG_WARN_CONSTANT_CONVERSION = YES;
				CLANG_WARN_DEPRECATED_OBJC_IMPLEMENTATIONS = YES;
				CLANG_WARN_DIRECT_OBJC_ISA_USAGE = YES_ERROR;
				CLANG_WARN_DOCUMENTATION_COMMENTS = YES;
				CLANG_WARN_EMPTY_BODY = YES;
				CLANG_WARN_ENUM_CONVERSION = YES;
				CLANG_WARN_INFINITE_RECURSION = YES;
				CLANG_WARN_INT_CONVERSION = YES;
				CLANG_WARN_NON_LITERAL_NULL_CONVERSION = YES;
				CLANG_WARN_OBJC_IMPLICIT_RETAIN_SELF = YES;
				CLANG_WARN_OBJC_LITERAL_CONVERSION = YES;
				CLANG_WARN_OBJC_ROOT_CLASS = YES_ERROR;
				CLANG_WARN_RANGE_LOOP_ANALYSIS = YES;
				CLANG_WARN_STRICT_PROTOTYPES = YES;
				CLANG_WARN_SUSPICIOUS_MOVE = YES;
				CLANG_WARN_UNGUARDED_AVAILABILITY = YES_AGGRESSIVE;
				CLANG_WARN_UNREACHABLE_CODE = YES;
				CLANG_WARN__DUPLICATE_METHOD_MATCH = YES;
				CODE_SIGN_IDENTITY = "iPhone Developer";
				COPY_PHASE_STRIP = NO;
				DEBUG_INFORMATION_FORMAT = "dwarf-with-dsym";
				ENABLE_NS_ASSERTIONS = NO;
				ENABLE_STRICT_OBJC_MSGSEND = YES;
				GCC_C_LANGUAGE_STANDARD = gnu11;
				GCC_NO_COMMON_BLOCKS = YES;
				GCC_WARN_64_TO_32_BIT_CONVERSION = YES;
				GCC_WARN_ABOUT_RETURN_TYPE = YES_ERROR;
				GCC_WARN_UNDECLARED_SELECTOR = YES;
				GCC_WARN_UNINITIALIZED_AUTOS = YES_AGGRESSIVE;
				GCC_WARN_UNUSED_FUNCTION = YES;
				GCC_WARN_UNUSED_VARIABLE = YES;
				IPHONEOS_DEPLOYMENT_TARGET = 11.4;
				MTL_ENABLE_DEBUG_INFO = NO;
				SDKROOT = iphoneos;
				SWIFT_COMPILATION_MODE = wholemodule;
				SWIFT_OPTIMIZATION_LEVEL = "-O";
				VALIDATE_PRODUCT = YES;
			};
			name = Release;
		};
		3C43CFCA211DC1720052DC3E /* Debug */ = {
			isa = XCBuildConfiguration;
			buildSettings = {
				ASSETCATALOG_COMPILER_APPICON_NAME = AppIcon;
				CODE_SIGN_STYLE = Automatic;
				DEVELOPMENT_TEAM = 9Z68ZBY3LV;
				INFOPLIST_FILE = "swift-journey03/Info.plist";
				LD_RUNPATH_SEARCH_PATHS = (
					"$(inherited)",
					"@executable_path/Frameworks",
				);
				PRODUCT_BUNDLE_IDENTIFIER = "com.lkameya.swift-journey03";
				PRODUCT_NAME = "$(TARGET_NAME)";
				SWIFT_VERSION = 4.0;
				TARGETED_DEVICE_FAMILY = "1,2";
			};
			name = Debug;
		};
		3C43CFCB211DC1720052DC3E /* Release */ = {
			isa = XCBuildConfiguration;
			buildSettings = {
				ASSETCATALOG_COMPILER_APPICON_NAME = AppIcon;
				CODE_SIGN_STYLE = Automatic;
				DEVELOPMENT_TEAM = 9Z68ZBY3LV;
				INFOPLIST_FILE = "swift-journey03/Info.plist";
				LD_RUNPATH_SEARCH_PATHS = (
					"$(inherited)",
					"@executable_path/Frameworks",
				);
				PRODUCT_BUNDLE_IDENTIFIER = "com.lkameya.swift-journey03";
				PRODUCT_NAME = "$(TARGET_NAME)";
				SWIFT_VERSION = 4.0;
				TARGETED_DEVICE_FAMILY = "1,2";
			};
			name = Release;
		};
/* End XCBuildConfiguration section */

/* Begin XCConfigurationList section */
		3C43CFB2211DC1710052DC3E /* Build configuration list for PBXProject "swift-journey03" */ = {
			isa = XCConfigurationList;
			buildConfigurations = (
				3C43CFC7211DC1720052DC3E /* Debug */,
				3C43CFC8211DC1720052DC3E /* Release */,
			);
			defaultConfigurationIsVisible = 0;
			defaultConfigurationName = Release;
		};
		3C43CFC9211DC1720052DC3E /* Build configuration list for PBXNativeTarget "swift-journey03" */ = {
			isa = XCConfigurationList;
			buildConfigurations = (
				3C43CFCA211DC1720052DC3E /* Debug */,
				3C43CFCB211DC1720052DC3E /* Release */,
			);
			defaultConfigurationIsVisible = 0;
			defaultConfigurationName = Release;
		};
/* End XCConfigurationList section */
	};
	rootObject = 3C43CFAF211DC1710052DC3E /* Project object */;
}
